
Microsoft Visual Studio Solution File, Format Version 12.00
# Visual Studio Version 17
VisualStudioVersion = 17.10.35013.160
MinimumVisualStudioVersion = 10.0.40219.1
Project("{9A19103F-16F7-4668-BE54-9A1E7A4F7556}") = "MeteoriteAPI.Web", "MeteoriteAPI\MeteoriteAPI.Web.csproj", "{81B0F061-84B6-4655-AFBA-96DE63BD6A9C}"
EndProject
Project("{9A19103F-16F7-4668-BE54-9A1E7A4F7556}") = "MeteoriteAPI.Domain", "MeteoriteAPI.Domain\MeteoriteAPI.Domain.csproj", "{C4A6B75B-BF81-4903-BFD3-FAA75A61EBC6}"
EndProject
Project("{9A19103F-16F7-4668-BE54-9A1E7A4F7556}") = "MeteoriteAPI.Application", "MeteoriteAPI.Application\MeteoriteAPI.Application.csproj", "{4061051B-F588-4A84-B884-B615E9B15182}"
EndProject
Project("{9A19103F-16F7-4668-BE54-9A1E7A4F7556}") = "MeteoriteAPI.Infrastructure", "MeteoriteAPI.Infrastructure\MeteoriteAPI.Infrastructure.csproj", "{863ECFC4-B05C-47B2-BDA8-E158C977B94C}"
EndProject
Project("{FAE04EC0-301F-11D3-BF4B-00C04F79EFBC}") = "MeteoriteAPI.Domain.Migrations", "MeteoriteAPI.Domain.Migrations\MeteoriteAPI.Domain.Migrations.csproj", "{D8C18617-872E-4F4C-8881-B4FD362B0C8D}"
EndProject
Project("{FAE04EC0-301F-11D3-BF4B-00C04F79EFBC}") = "MeteoriteAPI.Common", "MeteoriteAPI.Common\MeteoriteAPI.Common.csproj", "{32E602F5-3E2D-4225-9C90-5C958637C06F}"
EndProject
Global
	GlobalSection(SolutionConfigurationPlatforms) = preSolution
		Debug|Any CPU = Debug|Any CPU
		Release|Any CPU = Release|Any CPU
	EndGlobalSection
	GlobalSection(ProjectConfigurationPlatforms) = postSolution
		{81B0F061-84B6-4655-AFBA-96DE63BD6A9C}.Debug|Any CPU.ActiveCfg = Debug|Any CPU
		{81B0F061-84B6-4655-AFBA-96DE63BD6A9C}.Debug|Any CPU.Build.0 = Debug|Any CPU
		{81B0F061-84B6-4655-AFBA-96DE63BD6A9C}.Release|Any CPU.ActiveCfg = Release|Any CPU
		{81B0F061-84B6-4655-AFBA-96DE63BD6A9C}.Release|Any CPU.Build.0 = Release|Any CPU
		{C4A6B75B-BF81-4903-BFD3-FAA75A61EBC6}.Debug|Any CPU.ActiveCfg = Debug|Any CPU
		{C4A6B75B-BF81-4903-BFD3-FAA75A61EBC6}.Debug|Any CPU.Build.0 = Debug|Any CPU
		{C4A6B75B-BF81-4903-BFD3-FAA75A61EBC6}.Release|Any CPU.ActiveCfg = Release|Any CPU
		{C4A6B75B-BF81-4903-BFD3-FAA75A61EBC6}.Release|Any CPU.Build.0 = Release|Any CPU
		{4061051B-F588-4A84-B884-B615E9B15182}.Debug|Any CPU.ActiveCfg = Debug|Any CPU
		{4061051B-F588-4A84-B884-B615E9B15182}.Debug|Any CPU.Build.0 = Debug|Any CPU
		{4061051B-F588-4A84-B884-B615E9B15182}.Release|Any CPU.ActiveCfg = Release|Any CPU
		{4061051B-F588-4A84-B884-B615E9B15182}.Release|Any CPU.Build.0 = Release|Any CPU
		{863ECFC4-B05C-47B2-BDA8-E158C977B94C}.Debug|Any CPU.ActiveCfg = Debug|Any CPU
		{863ECFC4-B05C-47B2-BDA8-E158C977B94C}.Debug|Any CPU.Build.0 = Debug|Any CPU
		{863ECFC4-B05C-47B2-BDA8-E158C977B94C}.Release|Any CPU.ActiveCfg = Release|Any CPU
		{863ECFC4-B05C-47B2-BDA8-E158C977B94C}.Release|Any CPU.Build.0 = Release|Any CPU
		{D8C18617-872E-4F4C-8881-B4FD362B0C8D}.Debug|Any CPU.ActiveCfg = Debug|Any CPU
		{D8C18617-872E-4F4C-8881-B4FD362B0C8D}.Debug|Any CPU.Build.0 = Debug|Any CPU
		{D8C18617-872E-4F4C-8881-B4FD362B0C8D}.Release|Any CPU.ActiveCfg = Release|Any CPU
		{D8C18617-872E-4F4C-8881-B4FD362B0C8D}.Release|Any CPU.Build.0 = Release|Any CPU
		{32E602F5-3E2D-4225-9C90-5C958637C06F}.Debug|Any CPU.ActiveCfg = Debug|Any CPU
		{32E602F5-3E2D-4225-9C90-5C958637C06F}.Debug|Any CPU.Build.0 = Debug|Any CPU
		{32E602F5-3E2D-4225-9C90-5C958637C06F}.Release|Any CPU.ActiveCfg = Release|Any CPU
		{32E602F5-3E2D-4225-9C90-5C958637C06F}.Release|Any CPU.Build.0 = Release|Any CPU
	EndGlobalSection
	GlobalSection(SolutionProperties) = preSolution
		HideSolutionNode = FALSE
	EndGlobalSection
	GlobalSection(ExtensibilityGlobals) = postSolution
		SolutionGuid = {BA2759A5-9975-485A-A3BE-AEDD28210E59}
	EndGlobalSection
EndGlobal
